
Microsoft Visual Studio Solution File, Format Version 12.00
# Visual Studio Version 17
VisualStudioVersion = 17.12.35527.113
MinimumVisualStudioVersion = 10.0.40219.1
Project("{FAE04EC0-301F-11D3-BF4B-00C04F79EFBC}") = "PrimitiveTypesAndExpressions", "PrimitiveTypesAndExpressions\PrimitiveTypesAndExpressions.csproj", "{1AD7CBC5-8D95-4EEC-B820-52F22DD2A557}"
EndProject
Project("{FAE04EC0-301F-11D3-BF4B-00C04F79EFBC}") = "NonPrimitiveType(Class)", "NonPrimitiveType(Class)\NonPrimitiveType(Class).csproj", "{3BB47F03-F109-4A41-BC63-674062AFFCB7}"
EndProject
Project("{FAE04EC0-301F-11D3-BF4B-00C04F79EFBC}") = "NonPrimitiveArrayStringEnum", "NonPrimitiveArrayStringEnum\NonPrimitiveArrayStringEnum.csproj", "{C0A03BA6-E12F-41AD-965B-4AB73CEA34C0}"
EndProject
Project("{FAE04EC0-301F-11D3-BF4B-00C04F79EFBC}") = "NonPrimitiveValueAndReferenceType", "NonPrimitiveValueAndReferenceType\NonPrimitiveValueAndReferenceType.csproj", "{758C2791-A509-436A-9E22-BDDE4C58B4EF}"
EndProject
Project("{FAE04EC0-301F-11D3-BF4B-00C04F79EFBC}") = "ControlFlow", "ControlFlow\ControlFlow.csproj", "{59EC2C75-2113-48A0-B0DB-1183001A194F}"
EndProject
Project("{FAE04EC0-301F-11D3-BF4B-00C04F79EFBC}") = "ArrayAndList", "ArrayAndList\ArrayAndList.csproj", "{8B5065D2-A821-4ACA-BE51-E665F29D691C}"
EndProject
Project("{FAE04EC0-301F-11D3-BF4B-00C04F79EFBC}") = "WorkingWithDates", "WorkingWithDates\WorkingWithDates.csproj", "{84E30F1F-5BB0-4E94-B8B4-A1B15A95BC47}"
EndProject
Project("{FAE04EC0-301F-11D3-BF4B-00C04F79EFBC}") = "WorkingWithText", "WorkingWithText\WorkingWithText.csproj", "{DCE0B34B-6681-43D1-A4C0-49EC1687BBCF}"
EndProject
Project("{FAE04EC0-301F-11D3-BF4B-00C04F79EFBC}") = "WorkingWithFile", "WorkingWithFile\WorkingWithFile.csproj", "{0E495D11-0987-478C-A951-5B819ABCA7E0}"
EndProject
Project("{FAE04EC0-301F-11D3-BF4B-00C04F79EFBC}") = "DebuggingApplications", "DebuggingApplications\DebuggingApplications.csproj", "{A7A23765-741B-4E09-829F-53979035D4E8}"
EndProject
Project("{FAE04EC0-301F-11D3-BF4B-00C04F79EFBC}") = "Classes(Constructors)", "Classes(Constructors)\Classes(Constructors).csproj", "{74348BED-9588-4B61-A58D-3404AA07B6F9}"
EndProject
Project("{FAE04EC0-301F-11D3-BF4B-00C04F79EFBC}") = "Classes(PropertiesAndIndexers)", "Classes(PropertiesAndIndexers)\Classes(PropertiesAndIndexers).csproj", "{23FCA106-BDCB-4EED-BF5D-496557D1340B}"
EndProject
Project("{FAE04EC0-301F-11D3-BF4B-00C04F79EFBC}") = "Classes(Methods)", "Classes(Methods)\Classes(Methods).csproj", "{D1316353-6095-4FEA-9E5F-48A66E225FAF}"
EndProject
Project("{FAE04EC0-301F-11D3-BF4B-00C04F79EFBC}") = "Composition", "Composition\Composition.csproj", "{393AB9C6-4CD6-4A78-B948-E29785E58D8E}"
EndProject
Project("{FAE04EC0-301F-11D3-BF4B-00C04F79EFBC}") = "Ploymorphism(MethodOverridingAndAbstract)", "Ploymorphism(MethodOverridingAndAbstract)\Ploymorphism(MethodOverridingAndAbstract).csproj", "{60A7C1DF-DE17-497C-B499-D50DCEE5FE47}"
EndProject
Project("{FAE04EC0-301F-11D3-BF4B-00C04F79EFBC}") = "InheritanceAndConstructor", "InheritanceAndConstructor\InheritanceAndConstructor.csproj", "{E3AF8599-B505-4219-9DD0-39E5C251A7B0}"
EndProject
Project("{FAE04EC0-301F-11D3-BF4B-00C04F79EFBC}") = "UpcastingAndDowncasting", "UpcastingAndDowncasting\UpcastingAndDowncasting.csproj", "{50A90EFF-C979-463C-9A99-551CA77985FE}"
EndProject
Project("{FAE04EC0-301F-11D3-BF4B-00C04F79EFBC}") = "BoxingAndUnboxing", "BoxingAndUnboxing\BoxingAndUnboxing.csproj", "{1CFCF341-37E9-4A20-9FB6-D19795E9AC98}"
EndProject
Project("{FAE04EC0-301F-11D3-BF4B-00C04F79EFBC}") = "InterfaceAndPolymorphisom", "InterfaceAndPolymorphisom\InterfaceAndPolymorphisom.csproj", "{70D7A2BA-F2AD-4FE7-A7C3-5D6394B16276}"
EndProject
Project("{FAE04EC0-301F-11D3-BF4B-00C04F79EFBC}") = "InterfaceAndExtensibility", "InterfaceAndExtensibility\InterfaceAndExtensibility.csproj", "{ED13C0C1-C290-48B6-ACF9-AF044844DA2B}"
EndProject
Global
	GlobalSection(SolutionConfigurationPlatforms) = preSolution
		Debug|Any CPU = Debug|Any CPU
		Release|Any CPU = Release|Any CPU
	EndGlobalSection
	GlobalSection(ProjectConfigurationPlatforms) = postSolution
		{1AD7CBC5-8D95-4EEC-B820-52F22DD2A557}.Debug|Any CPU.ActiveCfg = Debug|Any CPU
		{1AD7CBC5-8D95-4EEC-B820-52F22DD2A557}.Debug|Any CPU.Build.0 = Debug|Any CPU
		{1AD7CBC5-8D95-4EEC-B820-52F22DD2A557}.Release|Any CPU.ActiveCfg = Release|Any CPU
		{1AD7CBC5-8D95-4EEC-B820-52F22DD2A557}.Release|Any CPU.Build.0 = Release|Any CPU
		{3BB47F03-F109-4A41-BC63-674062AFFCB7}.Debug|Any CPU.ActiveCfg = Debug|Any CPU
		{3BB47F03-F109-4A41-BC63-674062AFFCB7}.Debug|Any CPU.Build.0 = Debug|Any CPU
		{3BB47F03-F109-4A41-BC63-674062AFFCB7}.Release|Any CPU.ActiveCfg = Release|Any CPU
		{3BB47F03-F109-4A41-BC63-674062AFFCB7}.Release|Any CPU.Build.0 = Release|Any CPU
		{C0A03BA6-E12F-41AD-965B-4AB73CEA34C0}.Debug|Any CPU.ActiveCfg = Debug|Any CPU
		{C0A03BA6-E12F-41AD-965B-4AB73CEA34C0}.Debug|Any CPU.Build.0 = Debug|Any CPU
		{C0A03BA6-E12F-41AD-965B-4AB73CEA34C0}.Release|Any CPU.ActiveCfg = Release|Any CPU
		{C0A03BA6-E12F-41AD-965B-4AB73CEA34C0}.Release|Any CPU.Build.0 = Release|Any CPU
		{758C2791-A509-436A-9E22-BDDE4C58B4EF}.Debug|Any CPU.ActiveCfg = Debug|Any CPU
		{758C2791-A509-436A-9E22-BDDE4C58B4EF}.Debug|Any CPU.Build.0 = Debug|Any CPU
		{758C2791-A509-436A-9E22-BDDE4C58B4EF}.Release|Any CPU.ActiveCfg = Release|Any CPU
		{758C2791-A509-436A-9E22-BDDE4C58B4EF}.Release|Any CPU.Build.0 = Release|Any CPU
		{59EC2C75-2113-48A0-B0DB-1183001A194F}.Debug|Any CPU.ActiveCfg = Debug|Any CPU
		{59EC2C75-2113-48A0-B0DB-1183001A194F}.Debug|Any CPU.Build.0 = Debug|Any CPU
		{59EC2C75-2113-48A0-B0DB-1183001A194F}.Release|Any CPU.ActiveCfg = Release|Any CPU
		{59EC2C75-2113-48A0-B0DB-1183001A194F}.Release|Any CPU.Build.0 = Release|Any CPU
		{8B5065D2-A821-4ACA-BE51-E665F29D691C}.Debug|Any CPU.ActiveCfg = Debug|Any CPU
		{8B5065D2-A821-4ACA-BE51-E665F29D691C}.Debug|Any CPU.Build.0 = Debug|Any CPU
		{8B5065D2-A821-4ACA-BE51-E665F29D691C}.Release|Any CPU.ActiveCfg = Release|Any CPU
		{8B5065D2-A821-4ACA-BE51-E665F29D691C}.Release|Any CPU.Build.0 = Release|Any CPU
		{84E30F1F-5BB0-4E94-B8B4-A1B15A95BC47}.Debug|Any CPU.ActiveCfg = Debug|Any CPU
		{84E30F1F-5BB0-4E94-B8B4-A1B15A95BC47}.Debug|Any CPU.Build.0 = Debug|Any CPU
		{84E30F1F-5BB0-4E94-B8B4-A1B15A95BC47}.Release|Any CPU.ActiveCfg = Release|Any CPU
		{84E30F1F-5BB0-4E94-B8B4-A1B15A95BC47}.Release|Any CPU.Build.0 = Release|Any CPU
		{DCE0B34B-6681-43D1-A4C0-49EC1687BBCF}.Debug|Any CPU.ActiveCfg = Debug|Any CPU
		{DCE0B34B-6681-43D1-A4C0-49EC1687BBCF}.Debug|Any CPU.Build.0 = Debug|Any CPU
		{DCE0B34B-6681-43D1-A4C0-49EC1687BBCF}.Release|Any CPU.ActiveCfg = Release|Any CPU
		{DCE0B34B-6681-43D1-A4C0-49EC1687BBCF}.Release|Any CPU.Build.0 = Release|Any CPU
		{0E495D11-0987-478C-A951-5B819ABCA7E0}.Debug|Any CPU.ActiveCfg = Debug|Any CPU
		{0E495D11-0987-478C-A951-5B819ABCA7E0}.Debug|Any CPU.Build.0 = Debug|Any CPU
		{0E495D11-0987-478C-A951-5B819ABCA7E0}.Release|Any CPU.ActiveCfg = Release|Any CPU
		{0E495D11-0987-478C-A951-5B819ABCA7E0}.Release|Any CPU.Build.0 = Release|Any CPU
		{A7A23765-741B-4E09-829F-53979035D4E8}.Debug|Any CPU.ActiveCfg = Debug|Any CPU
		{A7A23765-741B-4E09-829F-53979035D4E8}.Debug|Any CPU.Build.0 = Debug|Any CPU
		{A7A23765-741B-4E09-829F-53979035D4E8}.Release|Any CPU.ActiveCfg = Release|Any CPU
		{A7A23765-741B-4E09-829F-53979035D4E8}.Release|Any CPU.Build.0 = Release|Any CPU
		{74348BED-9588-4B61-A58D-3404AA07B6F9}.Debug|Any CPU.ActiveCfg = Debug|Any CPU
		{74348BED-9588-4B61-A58D-3404AA07B6F9}.Debug|Any CPU.Build.0 = Debug|Any CPU
		{74348BED-9588-4B61-A58D-3404AA07B6F9}.Release|Any CPU.ActiveCfg = Release|Any CPU
		{74348BED-9588-4B61-A58D-3404AA07B6F9}.Release|Any CPU.Build.0 = Release|Any CPU
		{23FCA106-BDCB-4EED-BF5D-496557D1340B}.Debug|Any CPU.ActiveCfg = Debug|Any CPU
		{23FCA106-BDCB-4EED-BF5D-496557D1340B}.Debug|Any CPU.Build.0 = Debug|Any CPU
		{23FCA106-BDCB-4EED-BF5D-496557D1340B}.Release|Any CPU.ActiveCfg = Release|Any CPU
		{23FCA106-BDCB-4EED-BF5D-496557D1340B}.Release|Any CPU.Build.0 = Release|Any CPU
		{D1316353-6095-4FEA-9E5F-48A66E225FAF}.Debug|Any CPU.ActiveCfg = Debug|Any CPU
		{D1316353-6095-4FEA-9E5F-48A66E225FAF}.Debug|Any CPU.Build.0 = Debug|Any CPU
		{D1316353-6095-4FEA-9E5F-48A66E225FAF}.Release|Any CPU.ActiveCfg = Release|Any CPU
		{D1316353-6095-4FEA-9E5F-48A66E225FAF}.Release|Any CPU.Build.0 = Release|Any CPU
		{393AB9C6-4CD6-4A78-B948-E29785E58D8E}.Debug|Any CPU.ActiveCfg = Debug|Any CPU
		{393AB9C6-4CD6-4A78-B948-E29785E58D8E}.Debug|Any CPU.Build.0 = Debug|Any CPU
		{393AB9C6-4CD6-4A78-B948-E29785E58D8E}.Release|Any CPU.ActiveCfg = Release|Any CPU
		{393AB9C6-4CD6-4A78-B948-E29785E58D8E}.Release|Any CPU.Build.0 = Release|Any CPU
		{60A7C1DF-DE17-497C-B499-D50DCEE5FE47}.Debug|Any CPU.ActiveCfg = Debug|Any CPU
		{60A7C1DF-DE17-497C-B499-D50DCEE5FE47}.Debug|Any CPU.Build.0 = Debug|Any CPU
		{60A7C1DF-DE17-497C-B499-D50DCEE5FE47}.Release|Any CPU.ActiveCfg = Release|Any CPU
		{60A7C1DF-DE17-497C-B499-D50DCEE5FE47}.Release|Any CPU.Build.0 = Release|Any CPU
		{E3AF8599-B505-4219-9DD0-39E5C251A7B0}.Debug|Any CPU.ActiveCfg = Debug|Any CPU
		{E3AF8599-B505-4219-9DD0-39E5C251A7B0}.Debug|Any CPU.Build.0 = Debug|Any CPU
		{E3AF8599-B505-4219-9DD0-39E5C251A7B0}.Release|Any CPU.ActiveCfg = Release|Any CPU
		{E3AF8599-B505-4219-9DD0-39E5C251A7B0}.Release|Any CPU.Build.0 = Release|Any CPU
		{50A90EFF-C979-463C-9A99-551CA77985FE}.Debug|Any CPU.ActiveCfg = Debug|Any CPU
		{50A90EFF-C979-463C-9A99-551CA77985FE}.Debug|Any CPU.Build.0 = Debug|Any CPU
		{50A90EFF-C979-463C-9A99-551CA77985FE}.Release|Any CPU.ActiveCfg = Release|Any CPU
		{50A90EFF-C979-463C-9A99-551CA77985FE}.Release|Any CPU.Build.0 = Release|Any CPU
		{1CFCF341-37E9-4A20-9FB6-D19795E9AC98}.Debug|Any CPU.ActiveCfg = Debug|Any CPU
		{1CFCF341-37E9-4A20-9FB6-D19795E9AC98}.Debug|Any CPU.Build.0 = Debug|Any CPU
		{1CFCF341-37E9-4A20-9FB6-D19795E9AC98}.Release|Any CPU.ActiveCfg = Release|Any CPU
		{1CFCF341-37E9-4A20-9FB6-D19795E9AC98}.Release|Any CPU.Build.0 = Release|Any CPU
		{70D7A2BA-F2AD-4FE7-A7C3-5D6394B16276}.Debug|Any CPU.ActiveCfg = Debug|Any CPU
		{70D7A2BA-F2AD-4FE7-A7C3-5D6394B16276}.Debug|Any CPU.Build.0 = Debug|Any CPU
		{70D7A2BA-F2AD-4FE7-A7C3-5D6394B16276}.Release|Any CPU.ActiveCfg = Release|Any CPU
		{70D7A2BA-F2AD-4FE7-A7C3-5D6394B16276}.Release|Any CPU.Build.0 = Release|Any CPU
		{ED13C0C1-C290-48B6-ACF9-AF044844DA2B}.Debug|Any CPU.ActiveCfg = Debug|Any CPU
		{ED13C0C1-C290-48B6-ACF9-AF044844DA2B}.Debug|Any CPU.Build.0 = Debug|Any CPU
		{ED13C0C1-C290-48B6-ACF9-AF044844DA2B}.Release|Any CPU.ActiveCfg = Release|Any CPU
		{ED13C0C1-C290-48B6-ACF9-AF044844DA2B}.Release|Any CPU.Build.0 = Release|Any CPU
	EndGlobalSection
	GlobalSection(SolutionProperties) = preSolution
		HideSolutionNode = FALSE
	EndGlobalSection
EndGlobal
