
Microsoft Visual Studio Solution File, Format Version 12.00
# Visual Studio Version 17
VisualStudioVersion = 17.12.35527.113
MinimumVisualStudioVersion = 10.0.40219.1
Project("{FAE04EC0-301F-11D3-BF4B-00C04F79EFBC}") = "PrimitiveTypesAndExpressions", "PrimitiveTypesAndExpressions\PrimitiveTypesAndExpressions.csproj", "{1AD7CBC5-8D95-4EEC-B820-52F22DD2A557}"
EndProject
Project("{FAE04EC0-301F-11D3-BF4B-00C04F79EFBC}") = "NonPrimitiveType(Class)", "NonPrimitiveType(Class)\NonPrimitiveType(Class).csproj", "{3BB47F03-F109-4A41-BC63-674062AFFCB7}"
EndProject
Project("{FAE04EC0-301F-11D3-BF4B-00C04F79EFBC}") = "NonPrimitiveArrayStringEnum", "NonPrimitiveArrayStringEnum\NonPrimitiveArrayStringEnum.csproj", "{C0A03BA6-E12F-41AD-965B-4AB73CEA34C0}"
EndProject
Project("{FAE04EC0-301F-11D3-BF4B-00C04F79EFBC}") = "NonPrimitiveValueAndReferenceType", "NonPrimitiveValueAndReferenceType\NonPrimitiveValueAndReferenceType.csproj", "{758C2791-A509-436A-9E22-BDDE4C58B4EF}"
EndProject
Project("{FAE04EC0-301F-11D3-BF4B-00C04F79EFBC}") = "ControlFlow", "ControlFlow\ControlFlow.csproj", "{59EC2C75-2113-48A0-B0DB-1183001A194F}"
EndProject
Project("{FAE04EC0-301F-11D3-BF4B-00C04F79EFBC}") = "ArrayAndList", "ArrayAndList\ArrayAndList.csproj", "{8B5065D2-A821-4ACA-BE51-E665F29D691C}"
EndProject
Project("{FAE04EC0-301F-11D3-BF4B-00C04F79EFBC}") = "WorkingWithDates", "WorkingWithDates\WorkingWithDates.csproj", "{84E30F1F-5BB0-4E94-B8B4-A1B15A95BC47}"
EndProject
Project("{FAE04EC0-301F-11D3-BF4B-00C04F79EFBC}") = "WorkingWithText", "WorkingWithText\WorkingWithText.csproj", "{DCE0B34B-6681-43D1-A4C0-49EC1687BBCF}"
EndProject
Project("{FAE04EC0-301F-11D3-BF4B-00C04F79EFBC}") = "WorkingWithFile", "WorkingWithFile\WorkingWithFile.csproj", "{0E495D11-0987-478C-A951-5B819ABCA7E0}"
EndProject
Global
	GlobalSection(SolutionConfigurationPlatforms) = preSolution
		Debug|Any CPU = Debug|Any CPU
		Release|Any CPU = Release|Any CPU
	EndGlobalSection
	GlobalSection(ProjectConfigurationPlatforms) = postSolution
		{1AD7CBC5-8D95-4EEC-B820-52F22DD2A557}.Debug|Any CPU.ActiveCfg = Debug|Any CPU
		{1AD7CBC5-8D95-4EEC-B820-52F22DD2A557}.Debug|Any CPU.Build.0 = Debug|Any CPU
		{1AD7CBC5-8D95-4EEC-B820-52F22DD2A557}.Release|Any CPU.ActiveCfg = Release|Any CPU
		{1AD7CBC5-8D95-4EEC-B820-52F22DD2A557}.Release|Any CPU.Build.0 = Release|Any CPU
		{3BB47F03-F109-4A41-BC63-674062AFFCB7}.Debug|Any CPU.ActiveCfg = Debug|Any CPU
		{3BB47F03-F109-4A41-BC63-674062AFFCB7}.Debug|Any CPU.Build.0 = Debug|Any CPU
		{3BB47F03-F109-4A41-BC63-674062AFFCB7}.Release|Any CPU.ActiveCfg = Release|Any CPU
		{3BB47F03-F109-4A41-BC63-674062AFFCB7}.Release|Any CPU.Build.0 = Release|Any CPU
		{C0A03BA6-E12F-41AD-965B-4AB73CEA34C0}.Debug|Any CPU.ActiveCfg = Debug|Any CPU
		{C0A03BA6-E12F-41AD-965B-4AB73CEA34C0}.Debug|Any CPU.Build.0 = Debug|Any CPU
		{C0A03BA6-E12F-41AD-965B-4AB73CEA34C0}.Release|Any CPU.ActiveCfg = Release|Any CPU
		{C0A03BA6-E12F-41AD-965B-4AB73CEA34C0}.Release|Any CPU.Build.0 = Release|Any CPU
		{758C2791-A509-436A-9E22-BDDE4C58B4EF}.Debug|Any CPU.ActiveCfg = Debug|Any CPU
		{758C2791-A509-436A-9E22-BDDE4C58B4EF}.Debug|Any CPU.Build.0 = Debug|Any CPU
		{758C2791-A509-436A-9E22-BDDE4C58B4EF}.Release|Any CPU.ActiveCfg = Release|Any CPU
		{758C2791-A509-436A-9E22-BDDE4C58B4EF}.Release|Any CPU.Build.0 = Release|Any CPU
		{59EC2C75-2113-48A0-B0DB-1183001A194F}.Debug|Any CPU.ActiveCfg = Debug|Any CPU
		{59EC2C75-2113-48A0-B0DB-1183001A194F}.Debug|Any CPU.Build.0 = Debug|Any CPU
		{59EC2C75-2113-48A0-B0DB-1183001A194F}.Release|Any CPU.ActiveCfg = Release|Any CPU
		{59EC2C75-2113-48A0-B0DB-1183001A194F}.Release|Any CPU.Build.0 = Release|Any CPU
		{8B5065D2-A821-4ACA-BE51-E665F29D691C}.Debug|Any CPU.ActiveCfg = Debug|Any CPU
		{8B5065D2-A821-4ACA-BE51-E665F29D691C}.Debug|Any CPU.Build.0 = Debug|Any CPU
		{8B5065D2-A821-4ACA-BE51-E665F29D691C}.Release|Any CPU.ActiveCfg = Release|Any CPU
		{8B5065D2-A821-4ACA-BE51-E665F29D691C}.Release|Any CPU.Build.0 = Release|Any CPU
		{84E30F1F-5BB0-4E94-B8B4-A1B15A95BC47}.Debug|Any CPU.ActiveCfg = Debug|Any CPU
		{84E30F1F-5BB0-4E94-B8B4-A1B15A95BC47}.Debug|Any CPU.Build.0 = Debug|Any CPU
		{84E30F1F-5BB0-4E94-B8B4-A1B15A95BC47}.Release|Any CPU.ActiveCfg = Release|Any CPU
		{84E30F1F-5BB0-4E94-B8B4-A1B15A95BC47}.Release|Any CPU.Build.0 = Release|Any CPU
		{DCE0B34B-6681-43D1-A4C0-49EC1687BBCF}.Debug|Any CPU.ActiveCfg = Debug|Any CPU
		{DCE0B34B-6681-43D1-A4C0-49EC1687BBCF}.Debug|Any CPU.Build.0 = Debug|Any CPU
		{DCE0B34B-6681-43D1-A4C0-49EC1687BBCF}.Release|Any CPU.ActiveCfg = Release|Any CPU
		{DCE0B34B-6681-43D1-A4C0-49EC1687BBCF}.Release|Any CPU.Build.0 = Release|Any CPU
		{0E495D11-0987-478C-A951-5B819ABCA7E0}.Debug|Any CPU.ActiveCfg = Debug|Any CPU
		{0E495D11-0987-478C-A951-5B819ABCA7E0}.Debug|Any CPU.Build.0 = Debug|Any CPU
		{0E495D11-0987-478C-A951-5B819ABCA7E0}.Release|Any CPU.ActiveCfg = Release|Any CPU
		{0E495D11-0987-478C-A951-5B819ABCA7E0}.Release|Any CPU.Build.0 = Release|Any CPU
	EndGlobalSection
	GlobalSection(SolutionProperties) = preSolution
		HideSolutionNode = FALSE
	EndGlobalSection
EndGlobal
